
Microsoft Visual Studio Solution File, Format Version 12.00
# Visual Studio 2013
VisualStudioVersion = 12.0.31101.0
MinimumVisualStudioVersion = 10.0.40219.1
Project("{FAE04EC0-301F-11D3-BF4B-00C04F79EFBC}") = "OpenLawOffice.Word", "OpenLawOffice.Word\OpenLawOffice.Word.csproj", "{56F0E33E-B450-4F45-B0EB-6FDBAB6CF257}"
EndProject
Project("{FAE04EC0-301F-11D3-BF4B-00C04F79EFBC}") = "OpenLawOffice.Common", "..\OpenLawOffice\OpenLawOffice.Common\OpenLawOffice.Common.csproj", "{042206B5-2D13-42E0-B1B9-30254952BACA}"
EndProject
Global
	GlobalSection(SolutionConfigurationPlatforms) = preSolution
		Debug|Any CPU = Debug|Any CPU
		Release|Any CPU = Release|Any CPU
	EndGlobalSection
	GlobalSection(ProjectConfigurationPlatforms) = postSolution
		{56F0E33E-B450-4F45-B0EB-6FDBAB6CF257}.Debug|Any CPU.ActiveCfg = Debug|Any CPU
		{56F0E33E-B450-4F45-B0EB-6FDBAB6CF257}.Debug|Any CPU.Build.0 = Debug|Any CPU
		{56F0E33E-B450-4F45-B0EB-6FDBAB6CF257}.Release|Any CPU.ActiveCfg = Release|Any CPU
		{56F0E33E-B450-4F45-B0EB-6FDBAB6CF257}.Release|Any CPU.Build.0 = Release|Any CPU
		{042206B5-2D13-42E0-B1B9-30254952BACA}.Debug|Any CPU.ActiveCfg = Debug|Any CPU
		{042206B5-2D13-42E0-B1B9-30254952BACA}.Debug|Any CPU.Build.0 = Debug|Any CPU
		{042206B5-2D13-42E0-B1B9-30254952BACA}.Release|Any CPU.ActiveCfg = Release|Any CPU
		{042206B5-2D13-42E0-B1B9-30254952BACA}.Release|Any CPU.Build.0 = Release|Any CPU
	EndGlobalSection
	GlobalSection(SolutionProperties) = preSolution
		HideSolutionNode = FALSE
	EndGlobalSection
EndGlobal
